// !$*UTF8*$!
{
	archiveVersion = 1;
	classes = {
	};
	objectVersion = 77;
	objects = {

/* Begin PBXBuildFile section */
		EFC4B8992E4860A900BDF018 /* FirebaseAuth in Frameworks */ = {isa = PBXBuildFile; productRef = EFC4B8982E4860A900BDF018 /* FirebaseAuth */; };
		EFC4B89B2E4860A900BDF018 /* FirebaseCore in Frameworks */ = {isa = PBXBuildFile; productRef = EFC4B89A2E4860A900BDF018 /* FirebaseCore */; };
		EFC4B89D2E4860A900BDF018 /* FirebaseFirestore in Frameworks */ = {isa = PBXBuildFile; productRef = EFC4B89C2E4860A900BDF018 /* FirebaseFirestore */; };
		EFC4B8A22E4860C400BDF018 /* Assets.xcassets in Resources */ = {isa = PBXBuildFile; fileRef = EFC4B89E2E4860C400BDF018 /* Assets.xcassets */; };
		EFC4B8A32E4860C400BDF018 /* ContentView.swift in Sources */ = {isa = PBXBuildFile; fileRef = EFC4B89F2E4860C400BDF018 /* ContentView.swift */; };
		EFC4B8A42E4860C400BDF018 /* SwiftUIFirebaseApp.swift in Sources */ = {isa = PBXBuildFile; fileRef = EFC4B8A02E4860C400BDF018 /* SwiftUIFirebaseApp.swift */; };
		EFC4B8B92E48661E00BDF018 /* AuthService.swift in Sources */ = {isa = PBXBuildFile; fileRef = EFC4B8B82E48661E00BDF018 /* AuthService.swift */; };
		EFC4B8BB2E48693100BDF018 /* MainView.swift in Sources */ = {isa = PBXBuildFile; fileRef = EFC4B8BA2E48693100BDF018 /* MainView.swift */; };
		EFC4B8BD2E48693F00BDF018 /* LoginView.swift in Sources */ = {isa = PBXBuildFile; fileRef = EFC4B8BC2E48693F00BDF018 /* LoginView.swift */; };
		EFC4B8BF2E48694C00BDF018 /* RegistrationView.swift in Sources */ = {isa = PBXBuildFile; fileRef = EFC4B8BE2E48694C00BDF018 /* RegistrationView.swift */; };
		EFC4B8C12E486CAD00BDF018 /* GoogleService-Info.plist in Resources */ = {isa = PBXBuildFile; fileRef = EFC4B8C02E486CAD00BDF018 /* GoogleService-Info.plist */; };
		EFC4B8C32E4874C500BDF018 /* EmailField.swift in Sources */ = {isa = PBXBuildFile; fileRef = EFC4B8C22E4874C500BDF018 /* EmailField.swift */; };
		EFC4B8C52E4875BD00BDF018 /* PasswordField.swift in Sources */ = {isa = PBXBuildFile; fileRef = EFC4B8C42E4875BD00BDF018 /* PasswordField.swift */; };
		EFC4B8C72E48763500BDF018 /* AuthButtonLabel.swift in Sources */ = {isa = PBXBuildFile; fileRef = EFC4B8C62E48763500BDF018 /* AuthButtonLabel.swift */; };
		EFC4B8C92E4878D500BDF018 /* String+EmailValidation.swift in Sources */ = {isa = PBXBuildFile; fileRef = EFC4B8C82E4878D500BDF018 /* String+EmailValidation.swift */; };
		EFC4B8CB2E487F6700BDF018 /* AppLogoView.swift in Sources */ = {isa = PBXBuildFile; fileRef = EFC4B8CA2E487F6700BDF018 /* AppLogoView.swift */; };
/* End PBXBuildFile section */

/* Begin PBXFileReference section */
		EFC4B8892E48600800BDF018 /* SwiftUIFirebase.app */ = {isa = PBXFileReference; explicitFileType = wrapper.application; includeInIndex = 0; path = SwiftUIFirebase.app; sourceTree = BUILT_PRODUCTS_DIR; };
		EFC4B89E2E4860C400BDF018 /* Assets.xcassets */ = {isa = PBXFileReference; lastKnownFileType = folder.assetcatalog; path = Assets.xcassets; sourceTree = "<group>"; };
		EFC4B89F2E4860C400BDF018 /* ContentView.swift */ = {isa = PBXFileReference; lastKnownFileType = sourcecode.swift; path = ContentView.swift; sourceTree = "<group>"; };
		EFC4B8A02E4860C400BDF018 /* SwiftUIFirebaseApp.swift */ = {isa = PBXFileReference; lastKnownFileType = sourcecode.swift; path = SwiftUIFirebaseApp.swift; sourceTree = "<group>"; };
		EFC4B8B52E48633200BDF018 /* README.md */ = {isa = PBXFileReference; lastKnownFileType = net.daringfireball.markdown; path = README.md; sourceTree = "<group>"; };
		EFC4B8B82E48661E00BDF018 /* AuthService.swift */ = {isa = PBXFileReference; lastKnownFileType = sourcecode.swift; path = AuthService.swift; sourceTree = "<group>"; };
		EFC4B8BA2E48693100BDF018 /* MainView.swift */ = {isa = PBXFileReference; lastKnownFileType = sourcecode.swift; path = MainView.swift; sourceTree = "<group>"; };
		EFC4B8BC2E48693F00BDF018 /* LoginView.swift */ = {isa = PBXFileReference; lastKnownFileType = sourcecode.swift; path = LoginView.swift; sourceTree = "<group>"; };
		EFC4B8BE2E48694C00BDF018 /* RegistrationView.swift */ = {isa = PBXFileReference; lastKnownFileType = sourcecode.swift; path = RegistrationView.swift; sourceTree = "<group>"; };
		EFC4B8C02E486CAD00BDF018 /* GoogleService-Info.plist */ = {isa = PBXFileReference; lastKnownFileType = text.plist.xml; path = "GoogleService-Info.plist"; sourceTree = "<group>"; };
		EFC4B8C22E4874C500BDF018 /* EmailField.swift */ = {isa = PBXFileReference; lastKnownFileType = sourcecode.swift; path = EmailField.swift; sourceTree = "<group>"; };
		EFC4B8C42E4875BD00BDF018 /* PasswordField.swift */ = {isa = PBXFileReference; lastKnownFileType = sourcecode.swift; path = PasswordField.swift; sourceTree = "<group>"; };
		EFC4B8C62E48763500BDF018 /* AuthButtonLabel.swift */ = {isa = PBXFileReference; lastKnownFileType = sourcecode.swift; path = AuthButtonLabel.swift; sourceTree = "<group>"; };
		EFC4B8C82E4878D500BDF018 /* String+EmailValidation.swift */ = {isa = PBXFileReference; lastKnownFileType = sourcecode.swift; path = "String+EmailValidation.swift"; sourceTree = "<group>"; };
		EFC4B8CA2E487F6700BDF018 /* AppLogoView.swift */ = {isa = PBXFileReference; lastKnownFileType = sourcecode.swift; path = AppLogoView.swift; sourceTree = "<group>"; };
/* End PBXFileReference section */

/* Begin PBXFrameworksBuildPhase section */
		EFC4B8862E48600800BDF018 /* Frameworks */ = {
			isa = PBXFrameworksBuildPhase;
			buildActionMask = 2147483647;
			files = (
				EFC4B89B2E4860A900BDF018 /* FirebaseCore in Frameworks */,
				EFC4B8992E4860A900BDF018 /* FirebaseAuth in Frameworks */,
				EFC4B89D2E4860A900BDF018 /* FirebaseFirestore in Frameworks */,
			);
			runOnlyForDeploymentPostprocessing = 0;
		};
/* End PBXFrameworksBuildPhase section */

/* Begin PBXGroup section */
		EFC4B8802E48600800BDF018 = {
			isa = PBXGroup;
			children = (
				EFC4B8B52E48633200BDF018 /* README.md */,
				EFC4B8A12E4860C400BDF018 /* SwiftUIFirebase */,
				EFC4B88A2E48600800BDF018 /* Products */,
			);
			sourceTree = "<group>";
		};
		EFC4B88A2E48600800BDF018 /* Products */ = {
			isa = PBXGroup;
			children = (
				EFC4B8892E48600800BDF018 /* SwiftUIFirebase.app */,
			);
			name = Products;
			sourceTree = "<group>";
		};
		EFC4B8A12E4860C400BDF018 /* SwiftUIFirebase */ = {
			isa = PBXGroup;
			children = (
				EFC4B8A52E4860CA00BDF018 /* App */,
				EFC4B8A62E4860D200BDF018 /* Modules */,
				EFC4B8A72E4860DE00BDF018 /* Shared */,
				EFC4B89E2E4860C400BDF018 /* Assets.xcassets */,
			);
			path = SwiftUIFirebase;
			sourceTree = "<group>";
		};
		EFC4B8A52E4860CA00BDF018 /* App */ = {
			isa = PBXGroup;
			children = (
				EFC4B8A02E4860C400BDF018 /* SwiftUIFirebaseApp.swift */,
				EFC4B8C02E486CAD00BDF018 /* GoogleService-Info.plist */,
			);
			path = App;
			sourceTree = "<group>";
		};
		EFC4B8A62E4860D200BDF018 /* Modules */ = {
			isa = PBXGroup;
			children = (
				EFC4B8A92E48612900BDF018 /* Auth */,
				EFC4B8AE2E4861A000BDF018 /* Navigation */,
				EFC4B8AD2E48617300BDF018 /* Documents */,
			);
			path = Modules;
			sourceTree = "<group>";
		};
		EFC4B8A72E4860DE00BDF018 /* Shared */ = {
			isa = PBXGroup;
			children = (
				EFC4B8B42E48629400BDF018 /* Helpers */,
				EFC4B8B32E48627700BDF018 /* Extentions */,
				EFC4B8B22E48626400BDF018 /* Utils */,
				EFC4B8A82E48611200BDF018 /* Enums */,
			);
			path = Shared;
			sourceTree = "<group>";
		};
		EFC4B8A82E48611200BDF018 /* Enums */ = {
			isa = PBXGroup;
			children = (
			);
			path = Enums;
			sourceTree = "<group>";
		};
		EFC4B8A92E48612900BDF018 /* Auth */ = {
			isa = PBXGroup;
			children = (
				EFC4B8AB2E48613C00BDF018 /* Models */,
				EFC4B8AA2E48613200BDF018 /* Service */,
				EFC4B8AC2E48614400BDF018 /* Views */,
			);
			path = Auth;
			sourceTree = "<group>";
		};
		EFC4B8AA2E48613200BDF018 /* Service */ = {
			isa = PBXGroup;
			children = (
				EFC4B8B82E48661E00BDF018 /* AuthService.swift */,
			);
			path = Service;
			sourceTree = "<group>";
		};
		EFC4B8AB2E48613C00BDF018 /* Models */ = {
			isa = PBXGroup;
			children = (
			);
			path = Models;
			sourceTree = "<group>";
		};
		EFC4B8AC2E48614400BDF018 /* Views */ = {
			isa = PBXGroup;
			children = (
				EFC4B8BC2E48693F00BDF018 /* LoginView.swift */,
				EFC4B8BE2E48694C00BDF018 /* RegistrationView.swift */,
				EFC4B8C22E4874C500BDF018 /* EmailField.swift */,
				EFC4B8C42E4875BD00BDF018 /* PasswordField.swift */,
				EFC4B8C62E48763500BDF018 /* AuthButtonLabel.swift */,
				EFC4B8CA2E487F6700BDF018 /* AppLogoView.swift */,
			);
			path = Views;
			sourceTree = "<group>";
		};
		EFC4B8AD2E48617300BDF018 /* Documents */ = {
			isa = PBXGroup;
			children = (
			);
			path = Documents;
			sourceTree = "<group>";
		};
		EFC4B8AE2E4861A000BDF018 /* Navigation */ = {
			isa = PBXGroup;
			children = (
				EFC4B8B12E4861C100BDF018 /* Models */,
				EFC4B8B02E4861B800BDF018 /* Services */,
				EFC4B8AF2E4861AF00BDF018 /* Views */,
			);
			path = Navigation;
			sourceTree = "<group>";
		};
		EFC4B8AF2E4861AF00BDF018 /* Views */ = {
			isa = PBXGroup;
			children = (
				EFC4B89F2E4860C400BDF018 /* ContentView.swift */,
				EFC4B8BA2E48693100BDF018 /* MainView.swift */,
			);
			path = Views;
			sourceTree = "<group>";
		};
		EFC4B8B02E4861B800BDF018 /* Services */ = {
			isa = PBXGroup;
			children = (
			);
			path = Services;
			sourceTree = "<group>";
		};
		EFC4B8B12E4861C100BDF018 /* Models */ = {
			isa = PBXGroup;
			children = (
			);
			path = Models;
			sourceTree = "<group>";
		};
		EFC4B8B22E48626400BDF018 /* Utils */ = {
			isa = PBXGroup;
			children = (
			);
			path = Utils;
			sourceTree = "<group>";
		};
		EFC4B8B32E48627700BDF018 /* Extentions */ = {
			isa = PBXGroup;
			children = (
				EFC4B8C82E4878D500BDF018 /* String+EmailValidation.swift */,
			);
			path = Extentions;
			sourceTree = "<group>";
		};
		EFC4B8B42E48629400BDF018 /* Helpers */ = {
			isa = PBXGroup;
			children = (
			);
			path = Helpers;
			sourceTree = "<group>";
		};
/* End PBXGroup section */

/* Begin PBXNativeTarget section */
		EFC4B8882E48600800BDF018 /* SwiftUIFirebase */ = {
			isa = PBXNativeTarget;
			buildConfigurationList = EFC4B8942E48600900BDF018 /* Build configuration list for PBXNativeTarget "SwiftUIFirebase" */;
			buildPhases = (
				EFC4B8852E48600800BDF018 /* Sources */,
				EFC4B8862E48600800BDF018 /* Frameworks */,
				EFC4B8872E48600800BDF018 /* Resources */,
			);
			buildRules = (
			);
			dependencies = (
			);
			name = SwiftUIFirebase;
			packageProductDependencies = (
				EFC4B8982E4860A900BDF018 /* FirebaseAuth */,
				EFC4B89A2E4860A900BDF018 /* FirebaseCore */,
				EFC4B89C2E4860A900BDF018 /* FirebaseFirestore */,
			);
			productName = SwiftUIFirebase;
			productReference = EFC4B8892E48600800BDF018 /* SwiftUIFirebase.app */;
			productType = "com.apple.product-type.application";
		};
/* End PBXNativeTarget section */

/* Begin PBXProject section */
		EFC4B8812E48600800BDF018 /* Project object */ = {
			isa = PBXProject;
			attributes = {
				BuildIndependentTargetsInParallel = 1;
				LastSwiftUpdateCheck = 2600;
				LastUpgradeCheck = 2600;
				TargetAttributes = {
					EFC4B8882E48600800BDF018 = {
						CreatedOnToolsVersion = 26.0;
					};
				};
			};
			buildConfigurationList = EFC4B8842E48600800BDF018 /* Build configuration list for PBXProject "SwiftUIFirebase" */;
			developmentRegion = en;
			hasScannedForEncodings = 0;
			knownRegions = (
				en,
				Base,
			);
			mainGroup = EFC4B8802E48600800BDF018;
			minimizedProjectReferenceProxies = 1;
			packageReferences = (
				EFC4B8972E4860A900BDF018 /* XCRemoteSwiftPackageReference "firebase-ios-sdk" */,
			);
			preferredProjectObjectVersion = 77;
			productRefGroup = EFC4B88A2E48600800BDF018 /* Products */;
			projectDirPath = "";
			projectRoot = "";
			targets = (
				EFC4B8882E48600800BDF018 /* SwiftUIFirebase */,
			);
		};
/* End PBXProject section */

/* Begin PBXResourcesBuildPhase section */
		EFC4B8872E48600800BDF018 /* Resources */ = {
			isa = PBXResourcesBuildPhase;
			buildActionMask = 2147483647;
			files = (
				EFC4B8A22E4860C400BDF018 /* Assets.xcassets in Resources */,
				EFC4B8C12E486CAD00BDF018 /* GoogleService-Info.plist in Resources */,
			);
			runOnlyForDeploymentPostprocessing = 0;
		};
/* End PBXResourcesBuildPhase section */

/* Begin PBXSourcesBuildPhase section */
		EFC4B8852E48600800BDF018 /* Sources */ = {
			isa = PBXSourcesBuildPhase;
			buildActionMask = 2147483647;
			files = (
				EFC4B8B92E48661E00BDF018 /* AuthService.swift in Sources */,
				EFC4B8C72E48763500BDF018 /* AuthButtonLabel.swift in Sources */,
				EFC4B8BF2E48694C00BDF018 /* RegistrationView.swift in Sources */,
				EFC4B8BB2E48693100BDF018 /* MainView.swift in Sources */,
				EFC4B8CB2E487F6700BDF018 /* AppLogoView.swift in Sources */,
				EFC4B8C92E4878D500BDF018 /* String+EmailValidation.swift in Sources */,
				EFC4B8A32E4860C400BDF018 /* ContentView.swift in Sources */,
				EFC4B8C32E4874C500BDF018 /* EmailField.swift in Sources */,
				EFC4B8C52E4875BD00BDF018 /* PasswordField.swift in Sources */,
				EFC4B8BD2E48693F00BDF018 /* LoginView.swift in Sources */,
				EFC4B8A42E4860C400BDF018 /* SwiftUIFirebaseApp.swift in Sources */,
			);
			runOnlyForDeploymentPostprocessing = 0;
		};
/* End PBXSourcesBuildPhase section */

/* Begin XCBuildConfiguration section */
		EFC4B8922E48600900BDF018 /* Debug */ = {
			isa = XCBuildConfiguration;
			buildSettings = {
				ALWAYS_SEARCH_USER_PATHS = NO;
				ASSETCATALOG_COMPILER_GENERATE_SWIFT_ASSET_SYMBOL_EXTENSIONS = YES;
				CLANG_ANALYZER_NONNULL = YES;
				CLANG_ANALYZER_NUMBER_OBJECT_CONVERSION = YES_AGGRESSIVE;
				CLANG_CXX_LANGUAGE_STANDARD = "gnu++20";
				CLANG_ENABLE_MODULES = YES;
				CLANG_ENABLE_OBJC_ARC = YES;
				CLANG_ENABLE_OBJC_WEAK = YES;
				CLANG_WARN_BLOCK_CAPTURE_AUTORELEASING = YES;
				CLANG_WARN_BOOL_CONVERSION = YES;
				CLANG_WARN_COMMA = YES;
				CLANG_WARN_CONSTANT_CONVERSION = YES;
				CLANG_WARN_DEPRECATED_OBJC_IMPLEMENTATIONS = YES;
				CLANG_WARN_DIRECT_OBJC_ISA_USAGE = YES_ERROR;
				CLANG_WARN_DOCUMENTATION_COMMENTS = YES;
				CLANG_WARN_EMPTY_BODY = YES;
				CLANG_WARN_ENUM_CONVERSION = YES;
				CLANG_WARN_INFINITE_RECURSION = YES;
				CLANG_WARN_INT_CONVERSION = YES;
				CLANG_WARN_NON_LITERAL_NULL_CONVERSION = YES;
				CLANG_WARN_OBJC_IMPLICIT_RETAIN_SELF = YES;
				CLANG_WARN_OBJC_LITERAL_CONVERSION = YES;
				CLANG_WARN_OBJC_ROOT_CLASS = YES_ERROR;
				CLANG_WARN_QUOTED_INCLUDE_IN_FRAMEWORK_HEADER = YES;
				CLANG_WARN_RANGE_LOOP_ANALYSIS = YES;
				CLANG_WARN_STRICT_PROTOTYPES = YES;
				CLANG_WARN_SUSPICIOUS_MOVE = YES;
				CLANG_WARN_UNGUARDED_AVAILABILITY = YES_AGGRESSIVE;
				CLANG_WARN_UNREACHABLE_CODE = YES;
				CLANG_WARN__DUPLICATE_METHOD_MATCH = YES;
				COPY_PHASE_STRIP = NO;
				DEBUG_INFORMATION_FORMAT = dwarf;
				DEVELOPMENT_TEAM = AFN965WVDV;
				ENABLE_STRICT_OBJC_MSGSEND = YES;
				ENABLE_TESTABILITY = YES;
				ENABLE_USER_SCRIPT_SANDBOXING = YES;
				GCC_C_LANGUAGE_STANDARD = gnu17;
				GCC_DYNAMIC_NO_PIC = NO;
				GCC_NO_COMMON_BLOCKS = YES;
				GCC_OPTIMIZATION_LEVEL = 0;
				GCC_PREPROCESSOR_DEFINITIONS = (
					"DEBUG=1",
					"$(inherited)",
				);
				GCC_WARN_64_TO_32_BIT_CONVERSION = YES;
				GCC_WARN_ABOUT_RETURN_TYPE = YES_ERROR;
				GCC_WARN_UNDECLARED_SELECTOR = YES;
				GCC_WARN_UNINITIALIZED_AUTOS = YES_AGGRESSIVE;
				GCC_WARN_UNUSED_FUNCTION = YES;
				GCC_WARN_UNUSED_VARIABLE = YES;
				IPHONEOS_DEPLOYMENT_TARGET = 26.0;
				LOCALIZATION_PREFERS_STRING_CATALOGS = YES;
				MTL_ENABLE_DEBUG_INFO = INCLUDE_SOURCE;
				MTL_FAST_MATH = YES;
				ONLY_ACTIVE_ARCH = YES;
				SDKROOT = iphoneos;
				SWIFT_ACTIVE_COMPILATION_CONDITIONS = "DEBUG $(inherited)";
				SWIFT_OPTIMIZATION_LEVEL = "-Onone";
			};
			name = Debug;
		};
		EFC4B8932E48600900BDF018 /* Release */ = {
			isa = XCBuildConfiguration;
			buildSettings = {
				ALWAYS_SEARCH_USER_PATHS = NO;
				ASSETCATALOG_COMPILER_GENERATE_SWIFT_ASSET_SYMBOL_EXTENSIONS = YES;
				CLANG_ANALYZER_NONNULL = YES;
				CLANG_ANALYZER_NUMBER_OBJECT_CONVERSION = YES_AGGRESSIVE;
				CLANG_CXX_LANGUAGE_STANDARD = "gnu++20";
				CLANG_ENABLE_MODULES = YES;
				CLANG_ENABLE_OBJC_ARC = YES;
				CLANG_ENABLE_OBJC_WEAK = YES;
				CLANG_WARN_BLOCK_CAPTURE_AUTORELEASING = YES;
				CLANG_WARN_BOOL_CONVERSION = YES;
				CLANG_WARN_COMMA = YES;
				CLANG_WARN_CONSTANT_CONVERSION = YES;
				CLANG_WARN_DEPRECATED_OBJC_IMPLEMENTATIONS = YES;
				CLANG_WARN_DIRECT_OBJC_ISA_USAGE = YES_ERROR;
				CLANG_WARN_DOCUMENTATION_COMMENTS = YES;
				CLANG_WARN_EMPTY_BODY = YES;
				CLANG_WARN_ENUM_CONVERSION = YES;
				CLANG_WARN_INFINITE_RECURSION = YES;
				CLANG_WARN_INT_CONVERSION = YES;
				CLANG_WARN_NON_LITERAL_NULL_CONVERSION = YES;
				CLANG_WARN_OBJC_IMPLICIT_RETAIN_SELF = YES;
				CLANG_WARN_OBJC_LITERAL_CONVERSION = YES;
				CLANG_WARN_OBJC_ROOT_CLASS = YES_ERROR;
				CLANG_WARN_QUOTED_INCLUDE_IN_FRAMEWORK_HEADER = YES;
				CLANG_WARN_RANGE_LOOP_ANALYSIS = YES;
				CLANG_WARN_STRICT_PROTOTYPES = YES;
				CLANG_WARN_SUSPICIOUS_MOVE = YES;
				CLANG_WARN_UNGUARDED_AVAILABILITY = YES_AGGRESSIVE;
				CLANG_WARN_UNREACHABLE_CODE = YES;
				CLANG_WARN__DUPLICATE_METHOD_MATCH = YES;
				COPY_PHASE_STRIP = NO;
				DEBUG_INFORMATION_FORMAT = "dwarf-with-dsym";
				DEVELOPMENT_TEAM = AFN965WVDV;
				ENABLE_NS_ASSERTIONS = NO;
				ENABLE_STRICT_OBJC_MSGSEND = YES;
				ENABLE_USER_SCRIPT_SANDBOXING = YES;
				GCC_C_LANGUAGE_STANDARD = gnu17;
				GCC_NO_COMMON_BLOCKS = YES;
				GCC_WARN_64_TO_32_BIT_CONVERSION = YES;
				GCC_WARN_ABOUT_RETURN_TYPE = YES_ERROR;
				GCC_WARN_UNDECLARED_SELECTOR = YES;
				GCC_WARN_UNINITIALIZED_AUTOS = YES_AGGRESSIVE;
				GCC_WARN_UNUSED_FUNCTION = YES;
				GCC_WARN_UNUSED_VARIABLE = YES;
				IPHONEOS_DEPLOYMENT_TARGET = 26.0;
				LOCALIZATION_PREFERS_STRING_CATALOGS = YES;
				MTL_ENABLE_DEBUG_INFO = NO;
				MTL_FAST_MATH = YES;
				SDKROOT = iphoneos;
				SWIFT_COMPILATION_MODE = wholemodule;
				VALIDATE_PRODUCT = YES;
			};
			name = Release;
		};
		EFC4B8952E48600900BDF018 /* Debug */ = {
			isa = XCBuildConfiguration;
			buildSettings = {
				ASSETCATALOG_COMPILER_APPICON_NAME = AppIcon;
				ASSETCATALOG_COMPILER_GLOBAL_ACCENT_COLOR_NAME = AccentColor;
				CODE_SIGN_STYLE = Automatic;
				CURRENT_PROJECT_VERSION = 1;
				DEVELOPMENT_TEAM = AFN965WVDV;
				ENABLE_PREVIEWS = YES;
				GENERATE_INFOPLIST_FILE = YES;
				INFOPLIST_KEY_LSApplicationCategoryType = "public.app-category.developer-tools";
				INFOPLIST_KEY_UIApplicationSceneManifest_Generation = YES;
				INFOPLIST_KEY_UIApplicationSupportsIndirectInputEvents = YES;
				INFOPLIST_KEY_UILaunchScreen_Generation = YES;
				INFOPLIST_KEY_UISupportedInterfaceOrientations_iPad = "UIInterfaceOrientationPortrait UIInterfaceOrientationPortraitUpsideDown UIInterfaceOrientationLandscapeLeft UIInterfaceOrientationLandscapeRight";
				INFOPLIST_KEY_UISupportedInterfaceOrientations_iPhone = "UIInterfaceOrientationPortrait UIInterfaceOrientationLandscapeLeft UIInterfaceOrientationLandscapeRight";
				LD_RUNPATH_SEARCH_PATHS = (
					"$(inherited)",
					"@executable_path/Frameworks",
				);
				MARKETING_VERSION = 1.0;
				PRODUCT_BUNDLE_IDENTIFIER = net.silex.SwiftUIFirebase;
				PRODUCT_NAME = "$(TARGET_NAME)";
				STRING_CATALOG_GENERATE_SYMBOLS = YES;
				SWIFT_APPROACHABLE_CONCURRENCY = YES;
				SWIFT_DEFAULT_ACTOR_ISOLATION = MainActor;
				SWIFT_EMIT_LOC_STRINGS = YES;
				SWIFT_UPCOMING_FEATURE_MEMBER_IMPORT_VISIBILITY = YES;
				SWIFT_VERSION = 5.0;
				TARGETED_DEVICE_FAMILY = "1,2";
			};
			name = Debug;
		};
		EFC4B8962E48600900BDF018 /* Release */ = {
			isa = XCBuildConfiguration;
			buildSettings = {
				ASSETCATALOG_COMPILER_APPICON_NAME = AppIcon;
				ASSETCATALOG_COMPILER_GLOBAL_ACCENT_COLOR_NAME = AccentColor;
				CODE_SIGN_STYLE = Automatic;
				CURRENT_PROJECT_VERSION = 1;
				DEVELOPMENT_TEAM = AFN965WVDV;
				ENABLE_PREVIEWS = YES;
				GENERATE_INFOPLIST_FILE = YES;
				INFOPLIST_KEY_LSApplicationCategoryType = "public.app-category.developer-tools";
				INFOPLIST_KEY_UIApplicationSceneManifest_Generation = YES;
				INFOPLIST_KEY_UIApplicationSupportsIndirectInputEvents = YES;
				INFOPLIST_KEY_UILaunchScreen_Generation = YES;
				INFOPLIST_KEY_UISupportedInterfaceOrientations_iPad = "UIInterfaceOrientationPortrait UIInterfaceOrientationPortraitUpsideDown UIInterfaceOrientationLandscapeLeft UIInterfaceOrientationLandscapeRight";
				INFOPLIST_KEY_UISupportedInterfaceOrientations_iPhone = "UIInterfaceOrientationPortrait UIInterfaceOrientationLandscapeLeft UIInterfaceOrientationLandscapeRight";
				LD_RUNPATH_SEARCH_PATHS = (
					"$(inherited)",
					"@executable_path/Frameworks",
				);
				MARKETING_VERSION = 1.0;
				PRODUCT_BUNDLE_IDENTIFIER = net.silex.SwiftUIFirebase;
				PRODUCT_NAME = "$(TARGET_NAME)";
				STRING_CATALOG_GENERATE_SYMBOLS = YES;
				SWIFT_APPROACHABLE_CONCURRENCY = YES;
				SWIFT_DEFAULT_ACTOR_ISOLATION = MainActor;
				SWIFT_EMIT_LOC_STRINGS = YES;
				SWIFT_UPCOMING_FEATURE_MEMBER_IMPORT_VISIBILITY = YES;
				SWIFT_VERSION = 5.0;
				TARGETED_DEVICE_FAMILY = "1,2";
			};
			name = Release;
		};
/* End XCBuildConfiguration section */

/* Begin XCConfigurationList section */
		EFC4B8842E48600800BDF018 /* Build configuration list for PBXProject "SwiftUIFirebase" */ = {
			isa = XCConfigurationList;
			buildConfigurations = (
				EFC4B8922E48600900BDF018 /* Debug */,
				EFC4B8932E48600900BDF018 /* Release */,
			);
			defaultConfigurationIsVisible = 0;
			defaultConfigurationName = Release;
		};
		EFC4B8942E48600900BDF018 /* Build configuration list for PBXNativeTarget "SwiftUIFirebase" */ = {
			isa = XCConfigurationList;
			buildConfigurations = (
				EFC4B8952E48600900BDF018 /* Debug */,
				EFC4B8962E48600900BDF018 /* Release */,
			);
			defaultConfigurationIsVisible = 0;
			defaultConfigurationName = Release;
		};
/* End XCConfigurationList section */

/* Begin XCRemoteSwiftPackageReference section */
		EFC4B8972E4860A900BDF018 /* XCRemoteSwiftPackageReference "firebase-ios-sdk" */ = {
			isa = XCRemoteSwiftPackageReference;
			repositoryURL = "https://github.com/firebase/firebase-ios-sdk.git";
			requirement = {
				kind = upToNextMajorVersion;
				minimumVersion = 12.1.0;
			};
		};
/* End XCRemoteSwiftPackageReference section */

/* Begin XCSwiftPackageProductDependency section */
		EFC4B8982E4860A900BDF018 /* FirebaseAuth */ = {
			isa = XCSwiftPackageProductDependency;
			package = EFC4B8972E4860A900BDF018 /* XCRemoteSwiftPackageReference "firebase-ios-sdk" */;
			productName = FirebaseAuth;
		};
		EFC4B89A2E4860A900BDF018 /* FirebaseCore */ = {
			isa = XCSwiftPackageProductDependency;
			package = EFC4B8972E4860A900BDF018 /* XCRemoteSwiftPackageReference "firebase-ios-sdk" */;
			productName = FirebaseCore;
		};
		EFC4B89C2E4860A900BDF018 /* FirebaseFirestore */ = {
			isa = XCSwiftPackageProductDependency;
			package = EFC4B8972E4860A900BDF018 /* XCRemoteSwiftPackageReference "firebase-ios-sdk" */;
			productName = FirebaseFirestore;
		};
/* End XCSwiftPackageProductDependency section */
	};
	rootObject = EFC4B8812E48600800BDF018 /* Project object */;
}
